// !$*UTF8*$!
{
	archiveVersion = 1;
	classes = {
	};
	objectVersion = 55;
	objects = {

/* Begin PBXBuildFile section */
		384C54B727B1340B00B8BEEA /* WelcomeView.swift in Sources */ = {isa = PBXBuildFile; fileRef = 384C54B627B1340B00B8BEEA /* WelcomeView.swift */; };
		384C54BD27B143F800B8BEEA /* RegisterViewController.swift in Sources */ = {isa = PBXBuildFile; fileRef = 384C54BC27B143F800B8BEEA /* RegisterViewController.swift */; };
		384C54BF27B1B9B800B8BEEA /* RegisterView.swift in Sources */ = {isa = PBXBuildFile; fileRef = 384C54BE27B1B9B800B8BEEA /* RegisterView.swift */; };
		384C54C427B1C32100B8BEEA /* LogInViewController.swift in Sources */ = {isa = PBXBuildFile; fileRef = 384C54C327B1C32100B8BEEA /* LogInViewController.swift */; };
		384C54C727B1C40500B8BEEA /* OnboardingDataStore.swift in Sources */ = {isa = PBXBuildFile; fileRef = 384C54C627B1C40500B8BEEA /* OnboardingDataStore.swift */; };
		384C54CA27B1C84F00B8BEEA /* User.swift in Sources */ = {isa = PBXBuildFile; fileRef = 384C54C927B1C84F00B8BEEA /* User.swift */; };
		385483C327B1DE7D00B7C19A /* Structs.swift in Sources */ = {isa = PBXBuildFile; fileRef = 385483C227B1DE7D00B7C19A /* Structs.swift */; };
		385483C627B1E06200B7C19A /* StringExtension.swift in Sources */ = {isa = PBXBuildFile; fileRef = 385483C527B1E06200B7C19A /* StringExtension.swift */; };
		385483C927B1F8A600B7C19A /* ResetPasswordViewController.swift in Sources */ = {isa = PBXBuildFile; fileRef = 385483C827B1F8A600B7C19A /* ResetPasswordViewController.swift */; };
		385483CB27B1F96600B7C19A /* ViewControllerExtension.swift in Sources */ = {isa = PBXBuildFile; fileRef = 385483CA27B1F96600B7C19A /* ViewControllerExtension.swift */; };
		385483D327B2547400B7C19A /* ExploreView.swift in Sources */ = {isa = PBXBuildFile; fileRef = 385483D227B2547400B7C19A /* ExploreView.swift */; };
		385483D527B2548900B7C19A /* ExploreViewController.swift in Sources */ = {isa = PBXBuildFile; fileRef = 385483D427B2548900B7C19A /* ExploreViewController.swift */; };
		385483D827B254B100B7C19A /* InfluencerTableViewCell.swift in Sources */ = {isa = PBXBuildFile; fileRef = 385483D727B254B100B7C19A /* InfluencerTableViewCell.swift */; };
		385483DC27B259E000B7C19A /* InfluencerParse.swift in Sources */ = {isa = PBXBuildFile; fileRef = 385483DB27B259E000B7C19A /* InfluencerParse.swift */; };
		385483DE27B25A2C00B7C19A /* SuperParseObject.swift in Sources */ = {isa = PBXBuildFile; fileRef = 385483DD27B25A2C00B7C19A /* SuperParseObject.swift */; };
		385483E127B2680C00B7C19A /* ExploreDataStore.swift in Sources */ = {isa = PBXBuildFile; fileRef = 385483E027B2680C00B7C19A /* ExploreDataStore.swift */; };
		385483E327B2913A00B7C19A /* ImageViewExtension.swift in Sources */ = {isa = PBXBuildFile; fileRef = 385483E227B2913A00B7C19A /* ImageViewExtension.swift */; };
		385B937527B5CB67004644CA /* SubscriptionDataStore.swift in Sources */ = {isa = PBXBuildFile; fileRef = 385B937427B5CB67004644CA /* SubscriptionDataStore.swift */; };
		386D373B27B3346B00AC0497 /* MasterChatRoomViewController.swift in Sources */ = {isa = PBXBuildFile; fileRef = 386D373A27B3346B00AC0497 /* MasterChatRoomViewController.swift */; };
		386D373D27B3347800AC0497 /* MasterChatRoomView.swift in Sources */ = {isa = PBXBuildFile; fileRef = 386D373C27B3347800AC0497 /* MasterChatRoomView.swift */; };
		386D374027B334C000AC0497 /* MasterChatDataStore.swift in Sources */ = {isa = PBXBuildFile; fileRef = 386D373F27B334C000AC0497 /* MasterChatDataStore.swift */; };
		386D374227B3365300AC0497 /* ChatRoomParse.swift in Sources */ = {isa = PBXBuildFile; fileRef = 386D374127B3365300AC0497 /* ChatRoomParse.swift */; };
		386D374427B3368C00AC0497 /* MessageParse.swift in Sources */ = {isa = PBXBuildFile; fileRef = 386D374327B3368C00AC0497 /* MessageParse.swift */; };
		386D374727B3379A00AC0497 /* MasterChatRoomTableViewCell.swift in Sources */ = {isa = PBXBuildFile; fileRef = 386D374627B3379A00AC0497 /* MasterChatRoomTableViewCell.swift */; };
		386D374E27B35AE600AC0497 /* DateExtension.swift in Sources */ = {isa = PBXBuildFile; fileRef = 386D374D27B35AE600AC0497 /* DateExtension.swift */; };
		386D375427B35E7500AC0497 /* TabBarController.swift in Sources */ = {isa = PBXBuildFile; fileRef = 386D375327B35E7500AC0497 /* TabBarController.swift */; };
		386D375D27B3727900AC0497 /* AccountView.swift in Sources */ = {isa = PBXBuildFile; fileRef = 386D375C27B3727900AC0497 /* AccountView.swift */; };
		386D375F27B3728600AC0497 /* AccountViewController.swift in Sources */ = {isa = PBXBuildFile; fileRef = 386D375E27B3728600AC0497 /* AccountViewController.swift */; };
		386D376227B3737600AC0497 /* AccountTableViewCell.swift in Sources */ = {isa = PBXBuildFile; fileRef = 386D376127B3737600AC0497 /* AccountTableViewCell.swift */; };
		386D376527B3753400AC0497 /* SubscriptionModalViewController.swift in Sources */ = {isa = PBXBuildFile; fileRef = 386D376427B3753400AC0497 /* SubscriptionModalViewController.swift */; };
		386D376727B3763900AC0497 /* SubscriptionModalView.swift in Sources */ = {isa = PBXBuildFile; fileRef = 386D376627B3763900AC0497 /* SubscriptionModalView.swift */; };
		386D376D27B3C70100AC0497 /* CreateProfileViewController.swift in Sources */ = {isa = PBXBuildFile; fileRef = 386D376C27B3C70100AC0497 /* CreateProfileViewController.swift */; };
		386D376F27B4893C00AC0497 /* ImageExtension.swift in Sources */ = {isa = PBXBuildFile; fileRef = 386D376E27B4893C00AC0497 /* ImageExtension.swift */; };
		386D377727B4CB1600AC0497 /* StripeManager.swift in Sources */ = {isa = PBXBuildFile; fileRef = 386D377627B4CB1600AC0497 /* StripeManager.swift */; };
		386D377927B4EAB800AC0497 /* CustomError.swift in Sources */ = {isa = PBXBuildFile; fileRef = 386D377827B4EAB800AC0497 /* CustomError.swift */; };
		3898BF4D27B7A168001E5C2F /* ChatMessage.swift in Sources */ = {isa = PBXBuildFile; fileRef = 3898BF4C27B7A168001E5C2F /* ChatMessage.swift */; };
		3898BF4F27B87E33001E5C2F /* MessageHelper.swift in Sources */ = {isa = PBXBuildFile; fileRef = 3898BF4E27B87E33001E5C2F /* MessageHelper.swift */; };
		3898BF5127B87F34001E5C2F /* TimerExtension.swift in Sources */ = {isa = PBXBuildFile; fileRef = 3898BF5027B87F34001E5C2F /* TimerExtension.swift */; };
		38B65E0427B691D20037DC3E /* MessengerDataStore.swift in Sources */ = {isa = PBXBuildFile; fileRef = 38B65E0327B691D20037DC3E /* MessengerDataStore.swift */; };
		8208E8C911C65271FDBE2B3C /* Pods_lookbook.framework in Frameworks */ = {isa = PBXBuildFile; fileRef = D9BFE31F465B19A7EF1D2C98 /* Pods_lookbook.framework */; };
		923648EA278FFD0300AED21C /* AppDelegate.swift in Sources */ = {isa = PBXBuildFile; fileRef = 923648E9278FFD0300AED21C /* AppDelegate.swift */; };
		923648EE278FFD0300AED21C /* WelcomeViewController.swift in Sources */ = {isa = PBXBuildFile; fileRef = 923648ED278FFD0300AED21C /* WelcomeViewController.swift */; };
		923648F3278FFD0700AED21C /* Assets.xcassets in Resources */ = {isa = PBXBuildFile; fileRef = 923648F2278FFD0700AED21C /* Assets.xcassets */; };
		923648F6278FFD0700AED21C /* LaunchScreen.storyboard in Resources */ = {isa = PBXBuildFile; fileRef = 923648F4278FFD0700AED21C /* LaunchScreen.storyboard */; };
		928D5BC427B3C898004550ED /* InputChatView.swift in Sources */ = {isa = PBXBuildFile; fileRef = 928D5BC327B3C898004550ED /* InputChatView.swift */; };
		92A4189727B287CB009A6BA3 /* ChatViewController.swift in Sources */ = {isa = PBXBuildFile; fileRef = 92A4189627B287CB009A6BA3 /* ChatViewController.swift */; };
		92A4189A27B28DA6009A6BA3 /* ChatTextCollectionCell.swift in Sources */ = {isa = PBXBuildFile; fileRef = 92A4189927B28DA6009A6BA3 /* ChatTextCollectionCell.swift */; };
		92BAFBAC27B1E14400773F6B /* Enviroment.swift in Sources */ = {isa = PBXBuildFile; fileRef = 92BAFBAB27B1E14400773F6B /* Enviroment.swift */; };
/* End PBXBuildFile section */

/* Begin PBXFileReference section */
		27B28520CC8FE8BF558CF9A7 /* Pods-lookbook.debug(production).xcconfig */ = {isa = PBXFileReference; includeInIndex = 1; lastKnownFileType = text.xcconfig; name = "Pods-lookbook.debug(production).xcconfig"; path = "Target Support Files/Pods-lookbook/Pods-lookbook.debug(production).xcconfig"; sourceTree = "<group>"; };
		384C54B627B1340B00B8BEEA /* WelcomeView.swift */ = {isa = PBXFileReference; lastKnownFileType = sourcecode.swift; path = WelcomeView.swift; sourceTree = "<group>"; };
		384C54BC27B143F800B8BEEA /* RegisterViewController.swift */ = {isa = PBXFileReference; lastKnownFileType = sourcecode.swift; path = RegisterViewController.swift; sourceTree = "<group>"; };
		384C54BE27B1B9B800B8BEEA /* RegisterView.swift */ = {isa = PBXFileReference; lastKnownFileType = sourcecode.swift; path = RegisterView.swift; sourceTree = "<group>"; };
		384C54C327B1C32100B8BEEA /* LogInViewController.swift */ = {isa = PBXFileReference; lastKnownFileType = sourcecode.swift; path = LogInViewController.swift; sourceTree = "<group>"; };
		384C54C627B1C40500B8BEEA /* OnboardingDataStore.swift */ = {isa = PBXFileReference; lastKnownFileType = sourcecode.swift; path = OnboardingDataStore.swift; sourceTree = "<group>"; };
		384C54C927B1C84F00B8BEEA /* User.swift */ = {isa = PBXFileReference; lastKnownFileType = sourcecode.swift; path = User.swift; sourceTree = "<group>"; };
		385483C227B1DE7D00B7C19A /* Structs.swift */ = {isa = PBXFileReference; lastKnownFileType = sourcecode.swift; path = Structs.swift; sourceTree = "<group>"; };
		385483C527B1E06200B7C19A /* StringExtension.swift */ = {isa = PBXFileReference; lastKnownFileType = sourcecode.swift; path = StringExtension.swift; sourceTree = "<group>"; };
		385483C827B1F8A600B7C19A /* ResetPasswordViewController.swift */ = {isa = PBXFileReference; lastKnownFileType = sourcecode.swift; path = ResetPasswordViewController.swift; sourceTree = "<group>"; };
		385483CA27B1F96600B7C19A /* ViewControllerExtension.swift */ = {isa = PBXFileReference; lastKnownFileType = sourcecode.swift; path = ViewControllerExtension.swift; sourceTree = "<group>"; };
		385483D227B2547400B7C19A /* ExploreView.swift */ = {isa = PBXFileReference; lastKnownFileType = sourcecode.swift; path = ExploreView.swift; sourceTree = "<group>"; };
		385483D427B2548900B7C19A /* ExploreViewController.swift */ = {isa = PBXFileReference; lastKnownFileType = sourcecode.swift; path = ExploreViewController.swift; sourceTree = "<group>"; };
		385483D727B254B100B7C19A /* InfluencerTableViewCell.swift */ = {isa = PBXFileReference; lastKnownFileType = sourcecode.swift; path = InfluencerTableViewCell.swift; sourceTree = "<group>"; };
		385483DB27B259E000B7C19A /* InfluencerParse.swift */ = {isa = PBXFileReference; lastKnownFileType = sourcecode.swift; path = InfluencerParse.swift; sourceTree = "<group>"; };
		385483DD27B25A2C00B7C19A /* SuperParseObject.swift */ = {isa = PBXFileReference; lastKnownFileType = sourcecode.swift; path = SuperParseObject.swift; sourceTree = "<group>"; };
		385483E027B2680C00B7C19A /* ExploreDataStore.swift */ = {isa = PBXFileReference; lastKnownFileType = sourcecode.swift; path = ExploreDataStore.swift; sourceTree = "<group>"; };
		385483E227B2913A00B7C19A /* ImageViewExtension.swift */ = {isa = PBXFileReference; lastKnownFileType = sourcecode.swift; path = ImageViewExtension.swift; sourceTree = "<group>"; };
		385B937427B5CB67004644CA /* SubscriptionDataStore.swift */ = {isa = PBXFileReference; lastKnownFileType = sourcecode.swift; path = SubscriptionDataStore.swift; sourceTree = "<group>"; };
		386D373A27B3346B00AC0497 /* MasterChatRoomViewController.swift */ = {isa = PBXFileReference; lastKnownFileType = sourcecode.swift; path = MasterChatRoomViewController.swift; sourceTree = "<group>"; };
		386D373C27B3347800AC0497 /* MasterChatRoomView.swift */ = {isa = PBXFileReference; lastKnownFileType = sourcecode.swift; path = MasterChatRoomView.swift; sourceTree = "<group>"; };
		386D373F27B334C000AC0497 /* MasterChatDataStore.swift */ = {isa = PBXFileReference; lastKnownFileType = sourcecode.swift; path = MasterChatDataStore.swift; sourceTree = "<group>"; };
		386D374127B3365300AC0497 /* ChatRoomParse.swift */ = {isa = PBXFileReference; lastKnownFileType = sourcecode.swift; path = ChatRoomParse.swift; sourceTree = "<group>"; };
		386D374327B3368C00AC0497 /* MessageParse.swift */ = {isa = PBXFileReference; lastKnownFileType = sourcecode.swift; path = MessageParse.swift; sourceTree = "<group>"; };
		386D374627B3379A00AC0497 /* MasterChatRoomTableViewCell.swift */ = {isa = PBXFileReference; lastKnownFileType = sourcecode.swift; path = MasterChatRoomTableViewCell.swift; sourceTree = "<group>"; };
		386D374D27B35AE600AC0497 /* DateExtension.swift */ = {isa = PBXFileReference; lastKnownFileType = sourcecode.swift; path = DateExtension.swift; sourceTree = "<group>"; };
		386D375327B35E7500AC0497 /* TabBarController.swift */ = {isa = PBXFileReference; lastKnownFileType = sourcecode.swift; path = TabBarController.swift; sourceTree = "<group>"; };
		386D375C27B3727900AC0497 /* AccountView.swift */ = {isa = PBXFileReference; lastKnownFileType = sourcecode.swift; path = AccountView.swift; sourceTree = "<group>"; };
		386D375E27B3728600AC0497 /* AccountViewController.swift */ = {isa = PBXFileReference; lastKnownFileType = sourcecode.swift; path = AccountViewController.swift; sourceTree = "<group>"; };
		386D376127B3737600AC0497 /* AccountTableViewCell.swift */ = {isa = PBXFileReference; lastKnownFileType = sourcecode.swift; path = AccountTableViewCell.swift; sourceTree = "<group>"; };
		386D376427B3753400AC0497 /* SubscriptionModalViewController.swift */ = {isa = PBXFileReference; lastKnownFileType = sourcecode.swift; path = SubscriptionModalViewController.swift; sourceTree = "<group>"; };
		386D376627B3763900AC0497 /* SubscriptionModalView.swift */ = {isa = PBXFileReference; lastKnownFileType = sourcecode.swift; path = SubscriptionModalView.swift; sourceTree = "<group>"; };
		386D376C27B3C70100AC0497 /* CreateProfileViewController.swift */ = {isa = PBXFileReference; lastKnownFileType = sourcecode.swift; path = CreateProfileViewController.swift; sourceTree = "<group>"; };
		386D376E27B4893C00AC0497 /* ImageExtension.swift */ = {isa = PBXFileReference; lastKnownFileType = sourcecode.swift; path = ImageExtension.swift; sourceTree = "<group>"; };
		386D377627B4CB1600AC0497 /* StripeManager.swift */ = {isa = PBXFileReference; lastKnownFileType = sourcecode.swift; path = StripeManager.swift; sourceTree = "<group>"; };
		386D377827B4EAB800AC0497 /* CustomError.swift */ = {isa = PBXFileReference; lastKnownFileType = sourcecode.swift; path = CustomError.swift; sourceTree = "<group>"; };
		3898BF4C27B7A168001E5C2F /* ChatMessage.swift */ = {isa = PBXFileReference; lastKnownFileType = sourcecode.swift; path = ChatMessage.swift; sourceTree = "<group>"; };
		3898BF4E27B87E33001E5C2F /* MessageHelper.swift */ = {isa = PBXFileReference; lastKnownFileType = sourcecode.swift; path = MessageHelper.swift; sourceTree = "<group>"; };
		3898BF5027B87F34001E5C2F /* TimerExtension.swift */ = {isa = PBXFileReference; lastKnownFileType = sourcecode.swift; path = TimerExtension.swift; sourceTree = "<group>"; };
		38B65E0327B691D20037DC3E /* MessengerDataStore.swift */ = {isa = PBXFileReference; lastKnownFileType = sourcecode.swift; path = MessengerDataStore.swift; sourceTree = "<group>"; };
		82F105B818555B1C722A4FB8 /* Pods-lookbook.release.xcconfig */ = {isa = PBXFileReference; includeInIndex = 1; lastKnownFileType = text.xcconfig; name = "Pods-lookbook.release.xcconfig"; path = "Target Support Files/Pods-lookbook/Pods-lookbook.release.xcconfig"; sourceTree = "<group>"; };
		923648E6278FFD0300AED21C /* lookbook.app */ = {isa = PBXFileReference; explicitFileType = wrapper.application; includeInIndex = 0; path = lookbook.app; sourceTree = BUILT_PRODUCTS_DIR; };
		923648E9278FFD0300AED21C /* AppDelegate.swift */ = {isa = PBXFileReference; lastKnownFileType = sourcecode.swift; path = AppDelegate.swift; sourceTree = "<group>"; };
		923648ED278FFD0300AED21C /* WelcomeViewController.swift */ = {isa = PBXFileReference; lastKnownFileType = sourcecode.swift; path = WelcomeViewController.swift; sourceTree = "<group>"; };
		923648F2278FFD0700AED21C /* Assets.xcassets */ = {isa = PBXFileReference; lastKnownFileType = folder.assetcatalog; path = Assets.xcassets; sourceTree = "<group>"; };
		923648F5278FFD0700AED21C /* Base */ = {isa = PBXFileReference; lastKnownFileType = file.storyboard; name = Base; path = Base.lproj/LaunchScreen.storyboard; sourceTree = "<group>"; };
		923648F7278FFD0700AED21C /* Info.plist */ = {isa = PBXFileReference; lastKnownFileType = text.plist.xml; path = Info.plist; sourceTree = "<group>"; };
		928D5BC327B3C898004550ED /* InputChatView.swift */ = {isa = PBXFileReference; lastKnownFileType = sourcecode.swift; path = InputChatView.swift; sourceTree = "<group>"; };
		92A4189627B287CB009A6BA3 /* ChatViewController.swift */ = {isa = PBXFileReference; lastKnownFileType = sourcecode.swift; path = ChatViewController.swift; sourceTree = "<group>"; };
		92A4189927B28DA6009A6BA3 /* ChatTextCollectionCell.swift */ = {isa = PBXFileReference; lastKnownFileType = sourcecode.swift; path = ChatTextCollectionCell.swift; sourceTree = "<group>"; };
		92BAFBAB27B1E14400773F6B /* Enviroment.swift */ = {isa = PBXFileReference; lastKnownFileType = sourcecode.swift; path = Enviroment.swift; sourceTree = "<group>"; };
		9F7CD885F0C94A5F4C9989B9 /* Pods-lookbook.debug(development).xcconfig */ = {isa = PBXFileReference; includeInIndex = 1; lastKnownFileType = text.xcconfig; name = "Pods-lookbook.debug(development).xcconfig"; path = "Target Support Files/Pods-lookbook/Pods-lookbook.debug(development).xcconfig"; sourceTree = "<group>"; };
		A05B04072D0010C9A46DC331 /* Pods-lookbook.debug.xcconfig */ = {isa = PBXFileReference; includeInIndex = 1; lastKnownFileType = text.xcconfig; name = "Pods-lookbook.debug.xcconfig"; path = "Target Support Files/Pods-lookbook/Pods-lookbook.debug.xcconfig"; sourceTree = "<group>"; };
		D9BFE31F465B19A7EF1D2C98 /* Pods_lookbook.framework */ = {isa = PBXFileReference; explicitFileType = wrapper.framework; includeInIndex = 0; path = Pods_lookbook.framework; sourceTree = BUILT_PRODUCTS_DIR; };
/* End PBXFileReference section */

/* Begin PBXFrameworksBuildPhase section */
		923648E3278FFD0300AED21C /* Frameworks */ = {
			isa = PBXFrameworksBuildPhase;
			buildActionMask = 2147483647;
			files = (
				8208E8C911C65271FDBE2B3C /* Pods_lookbook.framework in Frameworks */,
			);
			runOnlyForDeploymentPostprocessing = 0;
		};
/* End PBXFrameworksBuildPhase section */

/* Begin PBXGroup section */
		384C54B527B133F800B8BEEA /* Welcome */ = {
			isa = PBXGroup;
			children = (
				923648ED278FFD0300AED21C /* WelcomeViewController.swift */,
				384C54B627B1340B00B8BEEA /* WelcomeView.swift */,
			);
			path = Welcome;
			sourceTree = "<group>";
		};
		384C54B827B1435800B8BEEA /* Log In & Register */ = {
			isa = PBXGroup;
			children = (
				386D376927B3C1D800AC0497 /* Create Profile */,
				384C54C527B1C3E600B8BEEA /* DataStore */,
				385483C727B1F89600B7C19A /* Reset Password */,
				384C54C027B1C1A100B8BEEA /* LogInViewController */,
				384C54B927B1437300B8BEEA /* Register */,
				384C54B527B133F800B8BEEA /* Welcome */,
			);
			path = "Log In & Register";
			sourceTree = "<group>";
		};
		384C54B927B1437300B8BEEA /* Register */ = {
			isa = PBXGroup;
			children = (
				384C54BC27B143F800B8BEEA /* RegisterViewController.swift */,
				384C54BE27B1B9B800B8BEEA /* RegisterView.swift */,
			);
			path = Register;
			sourceTree = "<group>";
		};
		384C54C027B1C1A100B8BEEA /* LogInViewController */ = {
			isa = PBXGroup;
			children = (
				384C54C327B1C32100B8BEEA /* LogInViewController.swift */,
			);
			path = LogInViewController;
			sourceTree = "<group>";
		};
		384C54C527B1C3E600B8BEEA /* DataStore */ = {
			isa = PBXGroup;
			children = (
				384C54C627B1C40500B8BEEA /* OnboardingDataStore.swift */,
			);
			path = DataStore;
			sourceTree = "<group>";
		};
		384C54C827B1C84200B8BEEA /* Models */ = {
			isa = PBXGroup;
			children = (
				92BAFBAD27B1E24200773F6B /* Database Setup */,
				384C54C927B1C84F00B8BEEA /* User.swift */,
				385483DD27B25A2C00B7C19A /* SuperParseObject.swift */,
			);
			path = Models;
			sourceTree = "<group>";
		};
		385483C127B1DE6500B7C19A /* Helpers */ = {
			isa = PBXGroup;
			children = (
				385483C427B1E05500B7C19A /* Extensions */,
				385483C227B1DE7D00B7C19A /* Structs.swift */,
				3898BF4E27B87E33001E5C2F /* MessageHelper.swift */,
			);
			path = Helpers;
			sourceTree = "<group>";
		};
		385483C427B1E05500B7C19A /* Extensions */ = {
			isa = PBXGroup;
			children = (
				385483C527B1E06200B7C19A /* StringExtension.swift */,
				385483CA27B1F96600B7C19A /* ViewControllerExtension.swift */,
				385483E227B2913A00B7C19A /* ImageViewExtension.swift */,
				386D374D27B35AE600AC0497 /* DateExtension.swift */,
				386D376E27B4893C00AC0497 /* ImageExtension.swift */,
				386D377827B4EAB800AC0497 /* CustomError.swift */,
				3898BF5027B87F34001E5C2F /* TimerExtension.swift */,
			);
			path = Extensions;
			sourceTree = "<group>";
		};
		385483C727B1F89600B7C19A /* Reset Password */ = {
			isa = PBXGroup;
			children = (
				385483C827B1F8A600B7C19A /* ResetPasswordViewController.swift */,
			);
			path = "Reset Password";
			sourceTree = "<group>";
		};
		385483D127B2546600B7C19A /* Explore */ = {
			isa = PBXGroup;
			children = (
				385483DF27B267FF00B7C19A /* DataStore */,
				385483D627B2549A00B7C19A /* Cell */,
				385483D227B2547400B7C19A /* ExploreView.swift */,
				385483D427B2548900B7C19A /* ExploreViewController.swift */,
			);
			path = Explore;
			sourceTree = "<group>";
		};
		385483D627B2549A00B7C19A /* Cell */ = {
			isa = PBXGroup;
			children = (
				385483D727B254B100B7C19A /* InfluencerTableViewCell.swift */,
			);
			path = Cell;
			sourceTree = "<group>";
		};
		385483DF27B267FF00B7C19A /* DataStore */ = {
			isa = PBXGroup;
			children = (
				385483E027B2680C00B7C19A /* ExploreDataStore.swift */,
			);
			path = DataStore;
			sourceTree = "<group>";
		};
		385B937327B5CB55004644CA /* Data Store */ = {
			isa = PBXGroup;
			children = (
				385B937427B5CB67004644CA /* SubscriptionDataStore.swift */,
			);
			path = "Data Store";
			sourceTree = "<group>";
		};
		386D373927B333C400AC0497 /* Master Chat Room */ = {
			isa = PBXGroup;
			children = (
				386D374527B3378200AC0497 /* Cell */,
				386D373E27B3349C00AC0497 /* DataStore */,
				386D373A27B3346B00AC0497 /* MasterChatRoomViewController.swift */,
				386D373C27B3347800AC0497 /* MasterChatRoomView.swift */,
			);
			path = "Master Chat Room";
			sourceTree = "<group>";
		};
		386D373E27B3349C00AC0497 /* DataStore */ = {
			isa = PBXGroup;
			children = (
				386D373F27B334C000AC0497 /* MasterChatDataStore.swift */,
			);
			path = DataStore;
			sourceTree = "<group>";
		};
		386D374527B3378200AC0497 /* Cell */ = {
			isa = PBXGroup;
			children = (
				386D374627B3379A00AC0497 /* MasterChatRoomTableViewCell.swift */,
			);
			path = Cell;
			sourceTree = "<group>";
		};
		386D375127B35E4D00AC0497 /* Navigation */ = {
			isa = PBXGroup;
			children = (
				386D375227B35E5400AC0497 /* Tab Controller */,
			);
			path = Navigation;
			sourceTree = "<group>";
		};
		386D375227B35E5400AC0497 /* Tab Controller */ = {
			isa = PBXGroup;
			children = (
				386D375327B35E7500AC0497 /* TabBarController.swift */,
			);
			path = "Tab Controller";
			sourceTree = "<group>";
		};
		386D375527B3603D00AC0497 /* Account */ = {
			isa = PBXGroup;
			children = (
				386D376327B3751800AC0497 /* Subscription */,
				386D376027B3736400AC0497 /* Cell */,
				386D375C27B3727900AC0497 /* AccountView.swift */,
				386D375E27B3728600AC0497 /* AccountViewController.swift */,
			);
			path = Account;
			sourceTree = "<group>";
		};
		386D376027B3736400AC0497 /* Cell */ = {
			isa = PBXGroup;
			children = (
				386D376127B3737600AC0497 /* AccountTableViewCell.swift */,
			);
			path = Cell;
			sourceTree = "<group>";
		};
		386D376327B3751800AC0497 /* Subscription */ = {
			isa = PBXGroup;
			children = (
				385B937327B5CB55004644CA /* Data Store */,
				386D376427B3753400AC0497 /* SubscriptionModalViewController.swift */,
				386D376627B3763900AC0497 /* SubscriptionModalView.swift */,
			);
			path = Subscription;
			sourceTree = "<group>";
		};
		386D376927B3C1D800AC0497 /* Create Profile */ = {
			isa = PBXGroup;
			children = (
				386D376C27B3C70100AC0497 /* CreateProfileViewController.swift */,
			);
			path = "Create Profile";
			sourceTree = "<group>";
		};
		386D377027B4B14400AC0497 /* Payments */ = {
			isa = PBXGroup;
			children = (
				386D377527B4CB0900AC0497 /* Stripe */,
			);
			path = Payments;
			sourceTree = "<group>";
		};
		386D377527B4CB0900AC0497 /* Stripe */ = {
			isa = PBXGroup;
			children = (
				386D377627B4CB1600AC0497 /* StripeManager.swift */,
			);
			path = Stripe;
			sourceTree = "<group>";
		};
		3898BF4B27B7A018001E5C2F /* Extension */ = {
			isa = PBXGroup;
			children = (
				3898BF4C27B7A168001E5C2F /* ChatMessage.swift */,
			);
			path = Extension;
			sourceTree = "<group>";
		};
		38B65E0227B691C00037DC3E /* Data Store */ = {
			isa = PBXGroup;
			children = (
				38B65E0327B691D20037DC3E /* MessengerDataStore.swift */,
			);
			path = "Data Store";
			sourceTree = "<group>";
		};
		7C0D9B5B7E11A05B7F42D2C6 /* Pods */ = {
			isa = PBXGroup;
			children = (
				A05B04072D0010C9A46DC331 /* Pods-lookbook.debug.xcconfig */,
				82F105B818555B1C722A4FB8 /* Pods-lookbook.release.xcconfig */,
				9F7CD885F0C94A5F4C9989B9 /* Pods-lookbook.debug(development).xcconfig */,
				27B28520CC8FE8BF558CF9A7 /* Pods-lookbook.debug(production).xcconfig */,
			);
			path = Pods;
			sourceTree = "<group>";
		};
		923648DD278FFD0300AED21C = {
			isa = PBXGroup;
			children = (
				923648E8278FFD0300AED21C /* lookbook */,
				923648E7278FFD0300AED21C /* Products */,
				7C0D9B5B7E11A05B7F42D2C6 /* Pods */,
				F5E41BA31BAC84BDDDFB23BC /* Frameworks */,
			);
			sourceTree = "<group>";
		};
		923648E7278FFD0300AED21C /* Products */ = {
			isa = PBXGroup;
			children = (
				923648E6278FFD0300AED21C /* lookbook.app */,
			);
			name = Products;
			sourceTree = "<group>";
		};
		923648E8278FFD0300AED21C /* lookbook */ = {
			isa = PBXGroup;
			children = (
				386D377027B4B14400AC0497 /* Payments */,
				386D375527B3603D00AC0497 /* Account */,
				386D375127B35E4D00AC0497 /* Navigation */,
				386D373927B333C400AC0497 /* Master Chat Room */,
				92A4189527B287AE009A6BA3 /* Messenger */,
				385483D127B2546600B7C19A /* Explore */,
				385483C127B1DE6500B7C19A /* Helpers */,
				384C54C827B1C84200B8BEEA /* Models */,
				384C54B827B1435800B8BEEA /* Log In & Register */,
				923648E9278FFD0300AED21C /* AppDelegate.swift */,
				923648F2278FFD0700AED21C /* Assets.xcassets */,
				923648F4278FFD0700AED21C /* LaunchScreen.storyboard */,
				923648F7278FFD0700AED21C /* Info.plist */,
			);
			path = lookbook;
			sourceTree = "<group>";
		};
		92A4189527B287AE009A6BA3 /* Messenger */ = {
			isa = PBXGroup;
			children = (
				3898BF4B27B7A018001E5C2F /* Extension */,
				38B65E0227B691C00037DC3E /* Data Store */,
				92A4189827B28BB2009A6BA3 /* Cell */,
				92A4189627B287CB009A6BA3 /* ChatViewController.swift */,
			);
			path = Messenger;
			sourceTree = "<group>";
		};
		92A4189827B28BB2009A6BA3 /* Cell */ = {
			isa = PBXGroup;
			children = (
				92A4189927B28DA6009A6BA3 /* ChatTextCollectionCell.swift */,
				928D5BC327B3C898004550ED /* InputChatView.swift */,
			);
			path = Cell;
			sourceTree = "<group>";
		};
		92BAFBAD27B1E24200773F6B /* Database Setup */ = {
			isa = PBXGroup;
			children = (
				92BAFBAB27B1E14400773F6B /* Enviroment.swift */,
				385483DB27B259E000B7C19A /* InfluencerParse.swift */,
				386D374127B3365300AC0497 /* ChatRoomParse.swift */,
				386D374327B3368C00AC0497 /* MessageParse.swift */,
			);
			path = "Database Setup";
			sourceTree = "<group>";
		};
		F5E41BA31BAC84BDDDFB23BC /* Frameworks */ = {
			isa = PBXGroup;
			children = (
				D9BFE31F465B19A7EF1D2C98 /* Pods_lookbook.framework */,
			);
			name = Frameworks;
			sourceTree = "<group>";
		};
/* End PBXGroup section */

/* Begin PBXNativeTarget section */
		923648E5278FFD0300AED21C /* lookbook */ = {
			isa = PBXNativeTarget;
			buildConfigurationList = 923648FA278FFD0700AED21C /* Build configuration list for PBXNativeTarget "lookbook" */;
			buildPhases = (
				D3247443146DF71FF2814E25 /* [CP] Check Pods Manifest.lock */,
				923648E2278FFD0300AED21C /* Sources */,
				923648E3278FFD0300AED21C /* Frameworks */,
				923648E4278FFD0300AED21C /* Resources */,
				8576C13E72EF95FD907F8DB2 /* [CP] Embed Pods Frameworks */,
			);
			buildRules = (
			);
			dependencies = (
			);
			name = lookbook;
			productName = lookbook;
			productReference = 923648E6278FFD0300AED21C /* lookbook.app */;
			productType = "com.apple.product-type.application";
		};
/* End PBXNativeTarget section */

/* Begin PBXProject section */
		923648DE278FFD0300AED21C /* Project object */ = {
			isa = PBXProject;
			attributes = {
				BuildIndependentTargetsInParallel = 1;
				LastSwiftUpdateCheck = 1320;
				LastUpgradeCheck = 1320;
				TargetAttributes = {
					923648E5278FFD0300AED21C = {
						CreatedOnToolsVersion = 13.2.1;
					};
				};
			};
			buildConfigurationList = 923648E1278FFD0300AED21C /* Build configuration list for PBXProject "lookbook" */;
			compatibilityVersion = "Xcode 13.0";
			developmentRegion = en;
			hasScannedForEncodings = 0;
			knownRegions = (
				en,
				Base,
			);
			mainGroup = 923648DD278FFD0300AED21C;
			productRefGroup = 923648E7278FFD0300AED21C /* Products */;
			projectDirPath = "";
			projectRoot = "";
			targets = (
				923648E5278FFD0300AED21C /* lookbook */,
			);
		};
/* End PBXProject section */

/* Begin PBXResourcesBuildPhase section */
		923648E4278FFD0300AED21C /* Resources */ = {
			isa = PBXResourcesBuildPhase;
			buildActionMask = 2147483647;
			files = (
				923648F6278FFD0700AED21C /* LaunchScreen.storyboard in Resources */,
				923648F3278FFD0700AED21C /* Assets.xcassets in Resources */,
			);
			runOnlyForDeploymentPostprocessing = 0;
		};
/* End PBXResourcesBuildPhase section */

/* Begin PBXShellScriptBuildPhase section */
		8576C13E72EF95FD907F8DB2 /* [CP] Embed Pods Frameworks */ = {
			isa = PBXShellScriptBuildPhase;
			buildActionMask = 2147483647;
			files = (
			);
			inputFileListPaths = (
				"${PODS_ROOT}/Target Support Files/Pods-lookbook/Pods-lookbook-frameworks-${CONFIGURATION}-input-files.xcfilelist",
			);
			name = "[CP] Embed Pods Frameworks";
			outputFileListPaths = (
				"${PODS_ROOT}/Target Support Files/Pods-lookbook/Pods-lookbook-frameworks-${CONFIGURATION}-output-files.xcfilelist",
			);
			runOnlyForDeploymentPostprocessing = 0;
			shellPath = /bin/sh;
			shellScript = "\"${PODS_ROOT}/Target Support Files/Pods-lookbook/Pods-lookbook-frameworks.sh\"\n";
			showEnvVarsInLog = 0;
		};
		D3247443146DF71FF2814E25 /* [CP] Check Pods Manifest.lock */ = {
			isa = PBXShellScriptBuildPhase;
			buildActionMask = 2147483647;
			files = (
			);
			inputFileListPaths = (
			);
			inputPaths = (
				"${PODS_PODFILE_DIR_PATH}/Podfile.lock",
				"${PODS_ROOT}/Manifest.lock",
			);
			name = "[CP] Check Pods Manifest.lock";
			outputFileListPaths = (
			);
			outputPaths = (
				"$(DERIVED_FILE_DIR)/Pods-lookbook-checkManifestLockResult.txt",
			);
			runOnlyForDeploymentPostprocessing = 0;
			shellPath = /bin/sh;
			shellScript = "diff \"${PODS_PODFILE_DIR_PATH}/Podfile.lock\" \"${PODS_ROOT}/Manifest.lock\" > /dev/null\nif [ $? != 0 ] ; then\n    # print error to STDERR\n    echo \"error: The sandbox is not in sync with the Podfile.lock. Run 'pod install' or update your CocoaPods installation.\" >&2\n    exit 1\nfi\n# This output is used by Xcode 'outputs' to avoid re-running this script phase.\necho \"SUCCESS\" > \"${SCRIPT_OUTPUT_FILE_0}\"\n";
			showEnvVarsInLog = 0;
		};
/* End PBXShellScriptBuildPhase section */

/* Begin PBXSourcesBuildPhase section */
		923648E2278FFD0300AED21C /* Sources */ = {
			isa = PBXSourcesBuildPhase;
			buildActionMask = 2147483647;
			files = (
				386D377727B4CB1600AC0497 /* StripeManager.swift in Sources */,
				386D374727B3379A00AC0497 /* MasterChatRoomTableViewCell.swift in Sources */,
				92A4189727B287CB009A6BA3 /* ChatViewController.swift in Sources */,
				386D376F27B4893C00AC0497 /* ImageExtension.swift in Sources */,
				386D375F27B3728600AC0497 /* AccountViewController.swift in Sources */,
				385483DE27B25A2C00B7C19A /* SuperParseObject.swift in Sources */,
				386D375427B35E7500AC0497 /* TabBarController.swift in Sources */,
				385483C327B1DE7D00B7C19A /* Structs.swift in Sources */,
				385483E327B2913A00B7C19A /* ImageViewExtension.swift in Sources */,
				923648EE278FFD0300AED21C /* WelcomeViewController.swift in Sources */,
				385483C627B1E06200B7C19A /* StringExtension.swift in Sources */,
				386D377927B4EAB800AC0497 /* CustomError.swift in Sources */,
				385483C927B1F8A600B7C19A /* ResetPasswordViewController.swift in Sources */,
				384C54BF27B1B9B800B8BEEA /* RegisterView.swift in Sources */,
				386D374427B3368C00AC0497 /* MessageParse.swift in Sources */,
				385483D327B2547400B7C19A /* ExploreView.swift in Sources */,
				385483D827B254B100B7C19A /* InfluencerTableViewCell.swift in Sources */,
				385483D527B2548900B7C19A /* ExploreViewController.swift in Sources */,
				384C54C427B1C32100B8BEEA /* LogInViewController.swift in Sources */,
				92A4189A27B28DA6009A6BA3 /* ChatTextCollectionCell.swift in Sources */,
				928D5BC427B3C898004550ED /* InputChatView.swift in Sources */,
				386D376D27B3C70100AC0497 /* CreateProfileViewController.swift in Sources */,
				386D376727B3763900AC0497 /* SubscriptionModalView.swift in Sources */,
				386D374E27B35AE600AC0497 /* DateExtension.swift in Sources */,
				386D374027B334C000AC0497 /* MasterChatDataStore.swift in Sources */,
				384C54B727B1340B00B8BEEA /* WelcomeView.swift in Sources */,
				384C54CA27B1C84F00B8BEEA /* User.swift in Sources */,
				3898BF4F27B87E33001E5C2F /* MessageHelper.swift in Sources */,
				386D373D27B3347800AC0497 /* MasterChatRoomView.swift in Sources */,
				92BAFBAC27B1E14400773F6B /* Enviroment.swift in Sources */,
				385483CB27B1F96600B7C19A /* ViewControllerExtension.swift in Sources */,
				384C54C727B1C40500B8BEEA /* OnboardingDataStore.swift in Sources */,
				3898BF5127B87F34001E5C2F /* TimerExtension.swift in Sources */,
				38B65E0427B691D20037DC3E /* MessengerDataStore.swift in Sources */,
				923648EA278FFD0300AED21C /* AppDelegate.swift in Sources */,
				385483E127B2680C00B7C19A /* ExploreDataStore.swift in Sources */,
				386D376527B3753400AC0497 /* SubscriptionModalViewController.swift in Sources */,
				386D376227B3737600AC0497 /* AccountTableViewCell.swift in Sources */,
				384C54BD27B143F800B8BEEA /* RegisterViewController.swift in Sources */,
				385483DC27B259E000B7C19A /* InfluencerParse.swift in Sources */,
				386D374227B3365300AC0497 /* ChatRoomParse.swift in Sources */,
				3898BF4D27B7A168001E5C2F /* ChatMessage.swift in Sources */,
				386D375D27B3727900AC0497 /* AccountView.swift in Sources */,
				385B937527B5CB67004644CA /* SubscriptionDataStore.swift in Sources */,
				386D373B27B3346B00AC0497 /* MasterChatRoomViewController.swift in Sources */,
			);
			runOnlyForDeploymentPostprocessing = 0;
		};
/* End PBXSourcesBuildPhase section */

/* Begin PBXVariantGroup section */
		923648F4278FFD0700AED21C /* LaunchScreen.storyboard */ = {
			isa = PBXVariantGroup;
			children = (
				923648F5278FFD0700AED21C /* Base */,
			);
			name = LaunchScreen.storyboard;
			sourceTree = "<group>";
		};
/* End PBXVariantGroup section */

/* Begin XCBuildConfiguration section */
		923648F8278FFD0700AED21C /* Debug(Development) */ = {
			isa = XCBuildConfiguration;
			buildSettings = {
				ALWAYS_SEARCH_USER_PATHS = NO;
				CLANG_ANALYZER_NONNULL = YES;
				CLANG_ANALYZER_NUMBER_OBJECT_CONVERSION = YES_AGGRESSIVE;
				CLANG_CXX_LANGUAGE_STANDARD = "gnu++17";
				CLANG_CXX_LIBRARY = "libc++";
				CLANG_ENABLE_MODULES = YES;
				CLANG_ENABLE_OBJC_ARC = YES;
				CLANG_ENABLE_OBJC_WEAK = YES;
				CLANG_WARN_BLOCK_CAPTURE_AUTORELEASING = YES;
				CLANG_WARN_BOOL_CONVERSION = YES;
				CLANG_WARN_COMMA = YES;
				CLANG_WARN_CONSTANT_CONVERSION = YES;
				CLANG_WARN_DEPRECATED_OBJC_IMPLEMENTATIONS = YES;
				CLANG_WARN_DIRECT_OBJC_ISA_USAGE = YES_ERROR;
				CLANG_WARN_DOCUMENTATION_COMMENTS = YES;
				CLANG_WARN_EMPTY_BODY = YES;
				CLANG_WARN_ENUM_CONVERSION = YES;
				CLANG_WARN_INFINITE_RECURSION = YES;
				CLANG_WARN_INT_CONVERSION = YES;
				CLANG_WARN_NON_LITERAL_NULL_CONVERSION = YES;
				CLANG_WARN_OBJC_IMPLICIT_RETAIN_SELF = YES;
				CLANG_WARN_OBJC_LITERAL_CONVERSION = YES;
				CLANG_WARN_OBJC_ROOT_CLASS = YES_ERROR;
				CLANG_WARN_QUOTED_INCLUDE_IN_FRAMEWORK_HEADER = YES;
				CLANG_WARN_RANGE_LOOP_ANALYSIS = YES;
				CLANG_WARN_STRICT_PROTOTYPES = YES;
				CLANG_WARN_SUSPICIOUS_MOVE = YES;
				CLANG_WARN_UNGUARDED_AVAILABILITY = YES_AGGRESSIVE;
				CLANG_WARN_UNREACHABLE_CODE = YES;
				CLANG_WARN__DUPLICATE_METHOD_MATCH = YES;
				COPY_PHASE_STRIP = NO;
				DEBUG_INFORMATION_FORMAT = dwarf;
				ENABLE_STRICT_OBJC_MSGSEND = YES;
				ENABLE_TESTABILITY = YES;
				GCC_C_LANGUAGE_STANDARD = gnu11;
				GCC_DYNAMIC_NO_PIC = NO;
				GCC_NO_COMMON_BLOCKS = YES;
				GCC_OPTIMIZATION_LEVEL = 0;
				GCC_PREPROCESSOR_DEFINITIONS = (
					"DEBUG=1",
					"$(inherited)",
				);
				GCC_WARN_64_TO_32_BIT_CONVERSION = YES;
				GCC_WARN_ABOUT_RETURN_TYPE = YES_ERROR;
				GCC_WARN_UNDECLARED_SELECTOR = YES;
				GCC_WARN_UNINITIALIZED_AUTOS = YES_AGGRESSIVE;
				GCC_WARN_UNUSED_FUNCTION = YES;
				GCC_WARN_UNUSED_VARIABLE = YES;
				IPHONEOS_DEPLOYMENT_TARGET = 15.2;
				MTL_ENABLE_DEBUG_INFO = INCLUDE_SOURCE;
				MTL_FAST_MATH = YES;
				ONLY_ACTIVE_ARCH = YES;
				SDKROOT = iphoneos;
				SWIFT_ACTIVE_COMPILATION_CONDITIONS = DEBUG;
				SWIFT_OPTIMIZATION_LEVEL = "-Onone";
			};
			name = "Debug(Development)";
		};
		923648F9278FFD0700AED21C /* Release */ = {
			isa = XCBuildConfiguration;
			buildSettings = {
				ALWAYS_SEARCH_USER_PATHS = NO;
				CLANG_ANALYZER_NONNULL = YES;
				CLANG_ANALYZER_NUMBER_OBJECT_CONVERSION = YES_AGGRESSIVE;
				CLANG_CXX_LANGUAGE_STANDARD = "gnu++17";
				CLANG_CXX_LIBRARY = "libc++";
				CLANG_ENABLE_MODULES = YES;
				CLANG_ENABLE_OBJC_ARC = YES;
				CLANG_ENABLE_OBJC_WEAK = YES;
				CLANG_WARN_BLOCK_CAPTURE_AUTORELEASING = YES;
				CLANG_WARN_BOOL_CONVERSION = YES;
				CLANG_WARN_COMMA = YES;
				CLANG_WARN_CONSTANT_CONVERSION = YES;
				CLANG_WARN_DEPRECATED_OBJC_IMPLEMENTATIONS = YES;
				CLANG_WARN_DIRECT_OBJC_ISA_USAGE = YES_ERROR;
				CLANG_WARN_DOCUMENTATION_COMMENTS = YES;
				CLANG_WARN_EMPTY_BODY = YES;
				CLANG_WARN_ENUM_CONVERSION = YES;
				CLANG_WARN_INFINITE_RECURSION = YES;
				CLANG_WARN_INT_CONVERSION = YES;
				CLANG_WARN_NON_LITERAL_NULL_CONVERSION = YES;
				CLANG_WARN_OBJC_IMPLICIT_RETAIN_SELF = YES;
				CLANG_WARN_OBJC_LITERAL_CONVERSION = YES;
				CLANG_WARN_OBJC_ROOT_CLASS = YES_ERROR;
				CLANG_WARN_QUOTED_INCLUDE_IN_FRAMEWORK_HEADER = YES;
				CLANG_WARN_RANGE_LOOP_ANALYSIS = YES;
				CLANG_WARN_STRICT_PROTOTYPES = YES;
				CLANG_WARN_SUSPICIOUS_MOVE = YES;
				CLANG_WARN_UNGUARDED_AVAILABILITY = YES_AGGRESSIVE;
				CLANG_WARN_UNREACHABLE_CODE = YES;
				CLANG_WARN__DUPLICATE_METHOD_MATCH = YES;
				COPY_PHASE_STRIP = NO;
				DEBUG_INFORMATION_FORMAT = "dwarf-with-dsym";
				ENABLE_NS_ASSERTIONS = NO;
				ENABLE_STRICT_OBJC_MSGSEND = YES;
				GCC_C_LANGUAGE_STANDARD = gnu11;
				GCC_NO_COMMON_BLOCKS = YES;
				GCC_WARN_64_TO_32_BIT_CONVERSION = YES;
				GCC_WARN_ABOUT_RETURN_TYPE = YES_ERROR;
				GCC_WARN_UNDECLARED_SELECTOR = YES;
				GCC_WARN_UNINITIALIZED_AUTOS = YES_AGGRESSIVE;
				GCC_WARN_UNUSED_FUNCTION = YES;
				GCC_WARN_UNUSED_VARIABLE = YES;
				IPHONEOS_DEPLOYMENT_TARGET = 15.2;
				MTL_ENABLE_DEBUG_INFO = NO;
				MTL_FAST_MATH = YES;
				SDKROOT = iphoneos;
				SWIFT_COMPILATION_MODE = wholemodule;
				SWIFT_OPTIMIZATION_LEVEL = "-O";
				VALIDATE_PRODUCT = YES;
			};
			name = Release;
		};
		923648FB278FFD0700AED21C /* Debug(Development) */ = {
			isa = XCBuildConfiguration;
			baseConfigurationReference = 9F7CD885F0C94A5F4C9989B9 /* Pods-lookbook.debug(development).xcconfig */;
			buildSettings = {
				ASSETCATALOG_COMPILER_APPICON_NAME = AppIcon;
				ASSETCATALOG_COMPILER_GLOBAL_ACCENT_COLOR_NAME = AccentColor;
				CODE_SIGN_IDENTITY = "Apple Development";
				CODE_SIGN_STYLE = Automatic;
				CURRENT_PROJECT_VERSION = 1;
				DEVELOPMENT_TEAM = WGU25444T9;
				GENERATE_INFOPLIST_FILE = YES;
				INFOPLIST_FILE = lookbook/Info.plist;
				INFOPLIST_KEY_CFBundleDisplayName = Ohana;
				INFOPLIST_KEY_NSCameraUsageDescription = "lookbook is asking for access to camera to upload a photo to your profile. Only the influencer will be able to view this photo. ";
				INFOPLIST_KEY_NSLocationWhenInUseUsageDescription = "Ohana accesses ";
				INFOPLIST_KEY_NSPhotoLibraryAddUsageDescription = "lookbook is asking for access to photo library to upload a photo to your profile. Only the influencer will be able to view this photo. ";
				INFOPLIST_KEY_UIApplicationSupportsIndirectInputEvents = YES;
				INFOPLIST_KEY_UILaunchStoryboardName = LaunchScreen;
				INFOPLIST_KEY_UISupportedInterfaceOrientations_iPad = "UIInterfaceOrientationPortrait UIInterfaceOrientationPortraitUpsideDown UIInterfaceOrientationLandscapeLeft UIInterfaceOrientationLandscapeRight";
				INFOPLIST_KEY_UISupportedInterfaceOrientations_iPhone = "UIInterfaceOrientationPortrait UIInterfaceOrientationLandscapeLeft UIInterfaceOrientationLandscapeRight";
				IPHONEOS_DEPLOYMENT_TARGET = 12.0;
				LD_RUNPATH_SEARCH_PATHS = (
					"$(inherited)",
					"@executable_path/Frameworks",
				);
				MARKETING_VERSION = 2.0;
				PRODUCT_BUNDLE_IDENTIFIER = danielchangsoojones.lookbook;
				PRODUCT_NAME = "$(TARGET_NAME)";
				PROVISIONING_PROFILE_SPECIFIER = "";
				SWIFT_EMIT_LOC_STRINGS = YES;
				SWIFT_VERSION = 5.0;
				TARGETED_DEVICE_FAMILY = "1,2";
			};
			name = "Debug(Development)";
		};
		923648FC278FFD0700AED21C /* Release */ = {
			isa = XCBuildConfiguration;
			baseConfigurationReference = 82F105B818555B1C722A4FB8 /* Pods-lookbook.release.xcconfig */;
			buildSettings = {
				ASSETCATALOG_COMPILER_APPICON_NAME = AppIcon;
				ASSETCATALOG_COMPILER_GLOBAL_ACCENT_COLOR_NAME = AccentColor;
				CODE_SIGN_IDENTITY = "Apple Distribution";
				CODE_SIGN_STYLE = Manual;
				CURRENT_PROJECT_VERSION = 1;
				DEVELOPMENT_TEAM = WGU25444T9;
				GENERATE_INFOPLIST_FILE = YES;
				INFOPLIST_FILE = lookbook/Info.plist;
				INFOPLIST_KEY_CFBundleDisplayName = Ohana;
				INFOPLIST_KEY_NSCameraUsageDescription = "lookbook is asking for access to camera to upload a photo to your profile. Only the influencer will be able to view this photo. ";
				INFOPLIST_KEY_NSLocationWhenInUseUsageDescription = "Ohana accesses ";
				INFOPLIST_KEY_NSPhotoLibraryAddUsageDescription = "lookbook is asking for access to photo library to upload a photo to your profile. Only the influencer will be able to view this photo. ";
				INFOPLIST_KEY_UIApplicationSupportsIndirectInputEvents = YES;
				INFOPLIST_KEY_UILaunchStoryboardName = LaunchScreen;
				INFOPLIST_KEY_UISupportedInterfaceOrientations_iPad = "UIInterfaceOrientationPortrait UIInterfaceOrientationPortraitUpsideDown UIInterfaceOrientationLandscapeLeft UIInterfaceOrientationLandscapeRight";
				INFOPLIST_KEY_UISupportedInterfaceOrientations_iPhone = "UIInterfaceOrientationPortrait UIInterfaceOrientationLandscapeLeft UIInterfaceOrientationLandscapeRight";
				IPHONEOS_DEPLOYMENT_TARGET = 12.0;
				LD_RUNPATH_SEARCH_PATHS = (
					"$(inherited)",
					"@executable_path/Frameworks",
				);
				MARKETING_VERSION = 2.0;
				PRODUCT_BUNDLE_IDENTIFIER = danielchangsoojones.lookbook;
				PRODUCT_NAME = "$(TARGET_NAME)";
				PROVISIONING_PROFILE_SPECIFIER = "ohana-prod-profile";
				SWIFT_EMIT_LOC_STRINGS = YES;
				SWIFT_VERSION = 5.0;
				TARGETED_DEVICE_FAMILY = "1,2";
			};
			name = Release;
		};
		92A4189327B2164D009A6BA3 /* Debug(Production) */ = {
			isa = XCBuildConfiguration;
			buildSettings = {
				ALWAYS_SEARCH_USER_PATHS = NO;
				CLANG_ANALYZER_NONNULL = YES;
				CLANG_ANALYZER_NUMBER_OBJECT_CONVERSION = YES_AGGRESSIVE;
				CLANG_CXX_LANGUAGE_STANDARD = "gnu++17";
				CLANG_CXX_LIBRARY = "libc++";
				CLANG_ENABLE_MODULES = YES;
				CLANG_ENABLE_OBJC_ARC = YES;
				CLANG_ENABLE_OBJC_WEAK = YES;
				CLANG_WARN_BLOCK_CAPTURE_AUTORELEASING = YES;
				CLANG_WARN_BOOL_CONVERSION = YES;
				CLANG_WARN_COMMA = YES;
				CLANG_WARN_CONSTANT_CONVERSION = YES;
				CLANG_WARN_DEPRECATED_OBJC_IMPLEMENTATIONS = YES;
				CLANG_WARN_DIRECT_OBJC_ISA_USAGE = YES_ERROR;
				CLANG_WARN_DOCUMENTATION_COMMENTS = YES;
				CLANG_WARN_EMPTY_BODY = YES;
				CLANG_WARN_ENUM_CONVERSION = YES;
				CLANG_WARN_INFINITE_RECURSION = YES;
				CLANG_WARN_INT_CONVERSION = YES;
				CLANG_WARN_NON_LITERAL_NULL_CONVERSION = YES;
				CLANG_WARN_OBJC_IMPLICIT_RETAIN_SELF = YES;
				CLANG_WARN_OBJC_LITERAL_CONVERSION = YES;
				CLANG_WARN_OBJC_ROOT_CLASS = YES_ERROR;
				CLANG_WARN_QUOTED_INCLUDE_IN_FRAMEWORK_HEADER = YES;
				CLANG_WARN_RANGE_LOOP_ANALYSIS = YES;
				CLANG_WARN_STRICT_PROTOTYPES = YES;
				CLANG_WARN_SUSPICIOUS_MOVE = YES;
				CLANG_WARN_UNGUARDED_AVAILABILITY = YES_AGGRESSIVE;
				CLANG_WARN_UNREACHABLE_CODE = YES;
				CLANG_WARN__DUPLICATE_METHOD_MATCH = YES;
				COPY_PHASE_STRIP = NO;
				DEBUG_INFORMATION_FORMAT = dwarf;
				ENABLE_STRICT_OBJC_MSGSEND = YES;
				ENABLE_TESTABILITY = YES;
				GCC_C_LANGUAGE_STANDARD = gnu11;
				GCC_DYNAMIC_NO_PIC = NO;
				GCC_NO_COMMON_BLOCKS = YES;
				GCC_OPTIMIZATION_LEVEL = 0;
				GCC_PREPROCESSOR_DEFINITIONS = (
					"DEBUG=1",
					"$(inherited)",
				);
				GCC_WARN_64_TO_32_BIT_CONVERSION = YES;
				GCC_WARN_ABOUT_RETURN_TYPE = YES_ERROR;
				GCC_WARN_UNDECLARED_SELECTOR = YES;
				GCC_WARN_UNINITIALIZED_AUTOS = YES_AGGRESSIVE;
				GCC_WARN_UNUSED_FUNCTION = YES;
				GCC_WARN_UNUSED_VARIABLE = YES;
				IPHONEOS_DEPLOYMENT_TARGET = 15.2;
				MTL_ENABLE_DEBUG_INFO = INCLUDE_SOURCE;
				MTL_FAST_MATH = YES;
				ONLY_ACTIVE_ARCH = YES;
				SDKROOT = iphoneos;
				SWIFT_ACTIVE_COMPILATION_CONDITIONS = DEBUG;
				SWIFT_OPTIMIZATION_LEVEL = "-Onone";
			};
			name = "Debug(Production)";
		};
		92A4189427B2164D009A6BA3 /* Debug(Production) */ = {
			isa = XCBuildConfiguration;
			baseConfigurationReference = 27B28520CC8FE8BF558CF9A7 /* Pods-lookbook.debug(production).xcconfig */;
			buildSettings = {
				ASSETCATALOG_COMPILER_APPICON_NAME = AppIcon;
				ASSETCATALOG_COMPILER_GLOBAL_ACCENT_COLOR_NAME = AccentColor;
				CODE_SIGN_STYLE = Automatic;
				CURRENT_PROJECT_VERSION = 1;
				DEVELOPMENT_TEAM = WGU25444T9;
				GENERATE_INFOPLIST_FILE = YES;
				INFOPLIST_FILE = lookbook/Info.plist;
				INFOPLIST_KEY_CFBundleDisplayName = Ohana;
				INFOPLIST_KEY_NSCameraUsageDescription = "lookbook is asking for access to camera to upload a photo to your profile. Only the influencer will be able to view this photo. ";
				INFOPLIST_KEY_NSLocationWhenInUseUsageDescription = "Ohana accesses ";
				INFOPLIST_KEY_NSPhotoLibraryAddUsageDescription = "lookbook is asking for access to photo library to upload a photo to your profile. Only the influencer will be able to view this photo. ";
				INFOPLIST_KEY_UIApplicationSupportsIndirectInputEvents = YES;
				INFOPLIST_KEY_UILaunchStoryboardName = LaunchScreen;
				INFOPLIST_KEY_UISupportedInterfaceOrientations_iPad = "UIInterfaceOrientationPortrait UIInterfaceOrientationPortraitUpsideDown UIInterfaceOrientationLandscapeLeft UIInterfaceOrientationLandscapeRight";
				INFOPLIST_KEY_UISupportedInterfaceOrientations_iPhone = "UIInterfaceOrientationPortrait UIInterfaceOrientationLandscapeLeft UIInterfaceOrientationLandscapeRight";
				IPHONEOS_DEPLOYMENT_TARGET = 12.0;
				LD_RUNPATH_SEARCH_PATHS = (
					"$(inherited)",
					"@executable_path/Frameworks",
				);
				MARKETING_VERSION = 2.0;
				PRODUCT_BUNDLE_IDENTIFIER = danielchangsoojones.lookbook;
				PRODUCT_NAME = "$(TARGET_NAME)";
				SWIFT_EMIT_LOC_STRINGS = YES;
				SWIFT_VERSION = 5.0;
				TARGETED_DEVICE_FAMILY = "1,2";
			};
			name = "Debug(Production)";
		};
/* End XCBuildConfiguration section */

/* Begin XCConfigurationList section */
		923648E1278FFD0300AED21C /* Build configuration list for PBXProject "lookbook" */ = {
			isa = XCConfigurationList;
			buildConfigurations = (
				923648F8278FFD0700AED21C /* Debug(Development) */,
				92A4189327B2164D009A6BA3 /* Debug(Production) */,
				923648F9278FFD0700AED21C /* Release */,
			);
			defaultConfigurationIsVisible = 0;
			defaultConfigurationName = Release;
		};
		923648FA278FFD0700AED21C /* Build configuration list for PBXNativeTarget "lookbook" */ = {
			isa = XCConfigurationList;
			buildConfigurations = (
				923648FB278FFD0700AED21C /* Debug(Development) */,
				92A4189427B2164D009A6BA3 /* Debug(Production) */,
				923648FC278FFD0700AED21C /* Release */,
			);
			defaultConfigurationIsVisible = 0;
			defaultConfigurationName = Release;
		};
/* End XCConfigurationList section */
	};
	rootObject = 923648DE278FFD0300AED21C /* Project object */;
}
