// !$*UTF8*$!
{
	archiveVersion = 1;
	classes = {
	};
	objectVersion = 55;
	objects = {

/* Begin PBXBuildFile section */
		384C54B727B1340B00B8BEEA /* WelcomeView.swift in Sources */ = {isa = PBXBuildFile; fileRef = 384C54B627B1340B00B8BEEA /* WelcomeView.swift */; };
		384C54BD27B143F800B8BEEA /* RegisterViewController.swift in Sources */ = {isa = PBXBuildFile; fileRef = 384C54BC27B143F800B8BEEA /* RegisterViewController.swift */; };
		384C54BF27B1B9B800B8BEEA /* RegisterView.swift in Sources */ = {isa = PBXBuildFile; fileRef = 384C54BE27B1B9B800B8BEEA /* RegisterView.swift */; };
		384C54C427B1C32100B8BEEA /* LogInViewController.swift in Sources */ = {isa = PBXBuildFile; fileRef = 384C54C327B1C32100B8BEEA /* LogInViewController.swift */; };
		384C54C727B1C40500B8BEEA /* OnboardingDataStore.swift in Sources */ = {isa = PBXBuildFile; fileRef = 384C54C627B1C40500B8BEEA /* OnboardingDataStore.swift */; };
		384C54CA27B1C84F00B8BEEA /* User.swift in Sources */ = {isa = PBXBuildFile; fileRef = 384C54C927B1C84F00B8BEEA /* User.swift */; };
		385483C327B1DE7D00B7C19A /* Structs.swift in Sources */ = {isa = PBXBuildFile; fileRef = 385483C227B1DE7D00B7C19A /* Structs.swift */; };
		385483C627B1E06200B7C19A /* StringExtension.swift in Sources */ = {isa = PBXBuildFile; fileRef = 385483C527B1E06200B7C19A /* StringExtension.swift */; };
		8208E8C911C65271FDBE2B3C /* Pods_lookbook.framework in Frameworks */ = {isa = PBXBuildFile; fileRef = D9BFE31F465B19A7EF1D2C98 /* Pods_lookbook.framework */; };
		923648EA278FFD0300AED21C /* AppDelegate.swift in Sources */ = {isa = PBXBuildFile; fileRef = 923648E9278FFD0300AED21C /* AppDelegate.swift */; };
		923648EE278FFD0300AED21C /* WelcomeViewController.swift in Sources */ = {isa = PBXBuildFile; fileRef = 923648ED278FFD0300AED21C /* WelcomeViewController.swift */; };
		923648F3278FFD0700AED21C /* Assets.xcassets in Resources */ = {isa = PBXBuildFile; fileRef = 923648F2278FFD0700AED21C /* Assets.xcassets */; };
		923648F6278FFD0700AED21C /* LaunchScreen.storyboard in Resources */ = {isa = PBXBuildFile; fileRef = 923648F4278FFD0700AED21C /* LaunchScreen.storyboard */; };
/* End PBXBuildFile section */

/* Begin PBXFileReference section */
		384C54B627B1340B00B8BEEA /* WelcomeView.swift */ = {isa = PBXFileReference; lastKnownFileType = sourcecode.swift; path = WelcomeView.swift; sourceTree = "<group>"; };
		384C54BC27B143F800B8BEEA /* RegisterViewController.swift */ = {isa = PBXFileReference; lastKnownFileType = sourcecode.swift; path = RegisterViewController.swift; sourceTree = "<group>"; };
		384C54BE27B1B9B800B8BEEA /* RegisterView.swift */ = {isa = PBXFileReference; lastKnownFileType = sourcecode.swift; path = RegisterView.swift; sourceTree = "<group>"; };
		384C54C327B1C32100B8BEEA /* LogInViewController.swift */ = {isa = PBXFileReference; lastKnownFileType = sourcecode.swift; path = LogInViewController.swift; sourceTree = "<group>"; };
		384C54C627B1C40500B8BEEA /* OnboardingDataStore.swift */ = {isa = PBXFileReference; lastKnownFileType = sourcecode.swift; path = OnboardingDataStore.swift; sourceTree = "<group>"; };
		384C54C927B1C84F00B8BEEA /* User.swift */ = {isa = PBXFileReference; lastKnownFileType = sourcecode.swift; path = User.swift; sourceTree = "<group>"; };
		385483C227B1DE7D00B7C19A /* Structs.swift */ = {isa = PBXFileReference; lastKnownFileType = sourcecode.swift; path = Structs.swift; sourceTree = "<group>"; };
		385483C527B1E06200B7C19A /* StringExtension.swift */ = {isa = PBXFileReference; lastKnownFileType = sourcecode.swift; path = StringExtension.swift; sourceTree = "<group>"; };
		82F105B818555B1C722A4FB8 /* Pods-lookbook.release.xcconfig */ = {isa = PBXFileReference; includeInIndex = 1; lastKnownFileType = text.xcconfig; name = "Pods-lookbook.release.xcconfig"; path = "Target Support Files/Pods-lookbook/Pods-lookbook.release.xcconfig"; sourceTree = "<group>"; };
		923648E6278FFD0300AED21C /* lookbook.app */ = {isa = PBXFileReference; explicitFileType = wrapper.application; includeInIndex = 0; path = lookbook.app; sourceTree = BUILT_PRODUCTS_DIR; };
		923648E9278FFD0300AED21C /* AppDelegate.swift */ = {isa = PBXFileReference; lastKnownFileType = sourcecode.swift; path = AppDelegate.swift; sourceTree = "<group>"; };
		923648ED278FFD0300AED21C /* WelcomeViewController.swift */ = {isa = PBXFileReference; lastKnownFileType = sourcecode.swift; path = WelcomeViewController.swift; sourceTree = "<group>"; };
		923648F2278FFD0700AED21C /* Assets.xcassets */ = {isa = PBXFileReference; lastKnownFileType = folder.assetcatalog; path = Assets.xcassets; sourceTree = "<group>"; };
		923648F5278FFD0700AED21C /* Base */ = {isa = PBXFileReference; lastKnownFileType = file.storyboard; name = Base; path = Base.lproj/LaunchScreen.storyboard; sourceTree = "<group>"; };
		923648F7278FFD0700AED21C /* Info.plist */ = {isa = PBXFileReference; lastKnownFileType = text.plist.xml; path = Info.plist; sourceTree = "<group>"; };
		A05B04072D0010C9A46DC331 /* Pods-lookbook.debug.xcconfig */ = {isa = PBXFileReference; includeInIndex = 1; lastKnownFileType = text.xcconfig; name = "Pods-lookbook.debug.xcconfig"; path = "Target Support Files/Pods-lookbook/Pods-lookbook.debug.xcconfig"; sourceTree = "<group>"; };
		D9BFE31F465B19A7EF1D2C98 /* Pods_lookbook.framework */ = {isa = PBXFileReference; explicitFileType = wrapper.framework; includeInIndex = 0; path = Pods_lookbook.framework; sourceTree = BUILT_PRODUCTS_DIR; };
/* End PBXFileReference section */

/* Begin PBXFrameworksBuildPhase section */
		923648E3278FFD0300AED21C /* Frameworks */ = {
			isa = PBXFrameworksBuildPhase;
			buildActionMask = 2147483647;
			files = (
				8208E8C911C65271FDBE2B3C /* Pods_lookbook.framework in Frameworks */,
			);
			runOnlyForDeploymentPostprocessing = 0;
		};
/* End PBXFrameworksBuildPhase section */

/* Begin PBXGroup section */
		384C54B527B133F800B8BEEA /* Welcome */ = {
			isa = PBXGroup;
			children = (
				923648ED278FFD0300AED21C /* WelcomeViewController.swift */,
				384C54B627B1340B00B8BEEA /* WelcomeView.swift */,
			);
			path = Welcome;
			sourceTree = "<group>";
		};
		384C54B827B1435800B8BEEA /* Log In & Register */ = {
			isa = PBXGroup;
			children = (
				384C54C527B1C3E600B8BEEA /* DataStore */,
				384C54C027B1C1A100B8BEEA /* LogInViewController */,
				384C54B927B1437300B8BEEA /* Register */,
				384C54B527B133F800B8BEEA /* Welcome */,
			);
			path = "Log In & Register";
			sourceTree = "<group>";
		};
		384C54B927B1437300B8BEEA /* Register */ = {
			isa = PBXGroup;
			children = (
				384C54BC27B143F800B8BEEA /* RegisterViewController.swift */,
				384C54BE27B1B9B800B8BEEA /* RegisterView.swift */,
			);
			path = Register;
			sourceTree = "<group>";
		};
		384C54C027B1C1A100B8BEEA /* LogInViewController */ = {
			isa = PBXGroup;
			children = (
				384C54C327B1C32100B8BEEA /* LogInViewController.swift */,
			);
			path = LogInViewController;
			sourceTree = "<group>";
		};
		384C54C527B1C3E600B8BEEA /* DataStore */ = {
			isa = PBXGroup;
			children = (
				384C54C627B1C40500B8BEEA /* OnboardingDataStore.swift */,
			);
			path = DataStore;
			sourceTree = "<group>";
		};
		384C54C827B1C84200B8BEEA /* Models */ = {
			isa = PBXGroup;
			children = (
				384C54C927B1C84F00B8BEEA /* User.swift */,
			);
			path = Models;
			sourceTree = "<group>";
		};
		385483C127B1DE6500B7C19A /* Helpers */ = {
			isa = PBXGroup;
			children = (
				385483C427B1E05500B7C19A /* Extensions */,
				385483C227B1DE7D00B7C19A /* Structs.swift */,
			);
			path = Helpers;
			sourceTree = "<group>";
		};
		385483C427B1E05500B7C19A /* Extensions */ = {
			isa = PBXGroup;
			children = (
				385483C527B1E06200B7C19A /* StringExtension.swift */,
			);
			path = Extensions;
			sourceTree = "<group>";
		};
		7C0D9B5B7E11A05B7F42D2C6 /* Pods */ = {
			isa = PBXGroup;
			children = (
				A05B04072D0010C9A46DC331 /* Pods-lookbook.debug.xcconfig */,
				82F105B818555B1C722A4FB8 /* Pods-lookbook.release.xcconfig */,
			);
			path = Pods;
			sourceTree = "<group>";
		};
		923648DD278FFD0300AED21C = {
			isa = PBXGroup;
			children = (
				923648E8278FFD0300AED21C /* lookbook */,
				923648E7278FFD0300AED21C /* Products */,
				7C0D9B5B7E11A05B7F42D2C6 /* Pods */,
				F5E41BA31BAC84BDDDFB23BC /* Frameworks */,
			);
			sourceTree = "<group>";
		};
		923648E7278FFD0300AED21C /* Products */ = {
			isa = PBXGroup;
			children = (
				923648E6278FFD0300AED21C /* lookbook.app */,
			);
			name = Products;
			sourceTree = "<group>";
		};
		923648E8278FFD0300AED21C /* lookbook */ = {
			isa = PBXGroup;
			children = (
				385483C127B1DE6500B7C19A /* Helpers */,
				384C54C827B1C84200B8BEEA /* Models */,
				384C54B827B1435800B8BEEA /* Log In & Register */,
				923648E9278FFD0300AED21C /* AppDelegate.swift */,
				923648F2278FFD0700AED21C /* Assets.xcassets */,
				923648F4278FFD0700AED21C /* LaunchScreen.storyboard */,
				923648F7278FFD0700AED21C /* Info.plist */,
			);
			path = lookbook;
			sourceTree = "<group>";
		};
		F5E41BA31BAC84BDDDFB23BC /* Frameworks */ = {
			isa = PBXGroup;
			children = (
				D9BFE31F465B19A7EF1D2C98 /* Pods_lookbook.framework */,
			);
			name = Frameworks;
			sourceTree = "<group>";
		};
/* End PBXGroup section */

/* Begin PBXNativeTarget section */
		923648E5278FFD0300AED21C /* lookbook */ = {
			isa = PBXNativeTarget;
			buildConfigurationList = 923648FA278FFD0700AED21C /* Build configuration list for PBXNativeTarget "lookbook" */;
			buildPhases = (
				D3247443146DF71FF2814E25 /* [CP] Check Pods Manifest.lock */,
				923648E2278FFD0300AED21C /* Sources */,
				923648E3278FFD0300AED21C /* Frameworks */,
				923648E4278FFD0300AED21C /* Resources */,
				8576C13E72EF95FD907F8DB2 /* [CP] Embed Pods Frameworks */,
			);
			buildRules = (
			);
			dependencies = (
			);
			name = lookbook;
			productName = lookbook;
			productReference = 923648E6278FFD0300AED21C /* lookbook.app */;
			productType = "com.apple.product-type.application";
		};
/* End PBXNativeTarget section */

/* Begin PBXProject section */
		923648DE278FFD0300AED21C /* Project object */ = {
			isa = PBXProject;
			attributes = {
				BuildIndependentTargetsInParallel = 1;
				LastSwiftUpdateCheck = 1320;
				LastUpgradeCheck = 1320;
				TargetAttributes = {
					923648E5278FFD0300AED21C = {
						CreatedOnToolsVersion = 13.2.1;
					};
				};
			};
			buildConfigurationList = 923648E1278FFD0300AED21C /* Build configuration list for PBXProject "lookbook" */;
			compatibilityVersion = "Xcode 13.0";
			developmentRegion = en;
			hasScannedForEncodings = 0;
			knownRegions = (
				en,
				Base,
			);
			mainGroup = 923648DD278FFD0300AED21C;
			productRefGroup = 923648E7278FFD0300AED21C /* Products */;
			projectDirPath = "";
			projectRoot = "";
			targets = (
				923648E5278FFD0300AED21C /* lookbook */,
			);
		};
/* End PBXProject section */

/* Begin PBXResourcesBuildPhase section */
		923648E4278FFD0300AED21C /* Resources */ = {
			isa = PBXResourcesBuildPhase;
			buildActionMask = 2147483647;
			files = (
				923648F6278FFD0700AED21C /* LaunchScreen.storyboard in Resources */,
				923648F3278FFD0700AED21C /* Assets.xcassets in Resources */,
			);
			runOnlyForDeploymentPostprocessing = 0;
		};
/* End PBXResourcesBuildPhase section */

/* Begin PBXShellScriptBuildPhase section */
		8576C13E72EF95FD907F8DB2 /* [CP] Embed Pods Frameworks */ = {
			isa = PBXShellScriptBuildPhase;
			buildActionMask = 2147483647;
			files = (
			);
			inputFileListPaths = (
				"${PODS_ROOT}/Target Support Files/Pods-lookbook/Pods-lookbook-frameworks-${CONFIGURATION}-input-files.xcfilelist",
			);
			name = "[CP] Embed Pods Frameworks";
			outputFileListPaths = (
				"${PODS_ROOT}/Target Support Files/Pods-lookbook/Pods-lookbook-frameworks-${CONFIGURATION}-output-files.xcfilelist",
			);
			runOnlyForDeploymentPostprocessing = 0;
			shellPath = /bin/sh;
			shellScript = "\"${PODS_ROOT}/Target Support Files/Pods-lookbook/Pods-lookbook-frameworks.sh\"\n";
			showEnvVarsInLog = 0;
		};
		D3247443146DF71FF2814E25 /* [CP] Check Pods Manifest.lock */ = {
			isa = PBXShellScriptBuildPhase;
			buildActionMask = 2147483647;
			files = (
			);
			inputFileListPaths = (
			);
			inputPaths = (
				"${PODS_PODFILE_DIR_PATH}/Podfile.lock",
				"${PODS_ROOT}/Manifest.lock",
			);
			name = "[CP] Check Pods Manifest.lock";
			outputFileListPaths = (
			);
			outputPaths = (
				"$(DERIVED_FILE_DIR)/Pods-lookbook-checkManifestLockResult.txt",
			);
			runOnlyForDeploymentPostprocessing = 0;
			shellPath = /bin/sh;
			shellScript = "diff \"${PODS_PODFILE_DIR_PATH}/Podfile.lock\" \"${PODS_ROOT}/Manifest.lock\" > /dev/null\nif [ $? != 0 ] ; then\n    # print error to STDERR\n    echo \"error: The sandbox is not in sync with the Podfile.lock. Run 'pod install' or update your CocoaPods installation.\" >&2\n    exit 1\nfi\n# This output is used by Xcode 'outputs' to avoid re-running this script phase.\necho \"SUCCESS\" > \"${SCRIPT_OUTPUT_FILE_0}\"\n";
			showEnvVarsInLog = 0;
		};
/* End PBXShellScriptBuildPhase section */

/* Begin PBXSourcesBuildPhase section */
		923648E2278FFD0300AED21C /* Sources */ = {
			isa = PBXSourcesBuildPhase;
			buildActionMask = 2147483647;
			files = (
				385483C327B1DE7D00B7C19A /* Structs.swift in Sources */,
				923648EE278FFD0300AED21C /* WelcomeViewController.swift in Sources */,
				385483C627B1E06200B7C19A /* StringExtension.swift in Sources */,
				384C54BF27B1B9B800B8BEEA /* RegisterView.swift in Sources */,
				384C54C427B1C32100B8BEEA /* LogInViewController.swift in Sources */,
				384C54B727B1340B00B8BEEA /* WelcomeView.swift in Sources */,
				384C54CA27B1C84F00B8BEEA /* User.swift in Sources */,
				384C54C727B1C40500B8BEEA /* OnboardingDataStore.swift in Sources */,
				923648EA278FFD0300AED21C /* AppDelegate.swift in Sources */,
				384C54BD27B143F800B8BEEA /* RegisterViewController.swift in Sources */,
			);
			runOnlyForDeploymentPostprocessing = 0;
		};
/* End PBXSourcesBuildPhase section */

/* Begin PBXVariantGroup section */
		923648F4278FFD0700AED21C /* LaunchScreen.storyboard */ = {
			isa = PBXVariantGroup;
			children = (
				923648F5278FFD0700AED21C /* Base */,
			);
			name = LaunchScreen.storyboard;
			sourceTree = "<group>";
		};
/* End PBXVariantGroup section */

/* Begin XCBuildConfiguration section */
		923648F8278FFD0700AED21C /* Debug */ = {
			isa = XCBuildConfiguration;
			buildSettings = {
				ALWAYS_SEARCH_USER_PATHS = NO;
				CLANG_ANALYZER_NONNULL = YES;
				CLANG_ANALYZER_NUMBER_OBJECT_CONVERSION = YES_AGGRESSIVE;
				CLANG_CXX_LANGUAGE_STANDARD = "gnu++17";
				CLANG_CXX_LIBRARY = "libc++";
				CLANG_ENABLE_MODULES = YES;
				CLANG_ENABLE_OBJC_ARC = YES;
				CLANG_ENABLE_OBJC_WEAK = YES;
				CLANG_WARN_BLOCK_CAPTURE_AUTORELEASING = YES;
				CLANG_WARN_BOOL_CONVERSION = YES;
				CLANG_WARN_COMMA = YES;
				CLANG_WARN_CONSTANT_CONVERSION = YES;
				CLANG_WARN_DEPRECATED_OBJC_IMPLEMENTATIONS = YES;
				CLANG_WARN_DIRECT_OBJC_ISA_USAGE = YES_ERROR;
				CLANG_WARN_DOCUMENTATION_COMMENTS = YES;
				CLANG_WARN_EMPTY_BODY = YES;
				CLANG_WARN_ENUM_CONVERSION = YES;
				CLANG_WARN_INFINITE_RECURSION = YES;
				CLANG_WARN_INT_CONVERSION = YES;
				CLANG_WARN_NON_LITERAL_NULL_CONVERSION = YES;
				CLANG_WARN_OBJC_IMPLICIT_RETAIN_SELF = YES;
				CLANG_WARN_OBJC_LITERAL_CONVERSION = YES;
				CLANG_WARN_OBJC_ROOT_CLASS = YES_ERROR;
				CLANG_WARN_QUOTED_INCLUDE_IN_FRAMEWORK_HEADER = YES;
				CLANG_WARN_RANGE_LOOP_ANALYSIS = YES;
				CLANG_WARN_STRICT_PROTOTYPES = YES;
				CLANG_WARN_SUSPICIOUS_MOVE = YES;
				CLANG_WARN_UNGUARDED_AVAILABILITY = YES_AGGRESSIVE;
				CLANG_WARN_UNREACHABLE_CODE = YES;
				CLANG_WARN__DUPLICATE_METHOD_MATCH = YES;
				COPY_PHASE_STRIP = NO;
				DEBUG_INFORMATION_FORMAT = dwarf;
				ENABLE_STRICT_OBJC_MSGSEND = YES;
				ENABLE_TESTABILITY = YES;
				GCC_C_LANGUAGE_STANDARD = gnu11;
				GCC_DYNAMIC_NO_PIC = NO;
				GCC_NO_COMMON_BLOCKS = YES;
				GCC_OPTIMIZATION_LEVEL = 0;
				GCC_PREPROCESSOR_DEFINITIONS = (
					"DEBUG=1",
					"$(inherited)",
				);
				GCC_WARN_64_TO_32_BIT_CONVERSION = YES;
				GCC_WARN_ABOUT_RETURN_TYPE = YES_ERROR;
				GCC_WARN_UNDECLARED_SELECTOR = YES;
				GCC_WARN_UNINITIALIZED_AUTOS = YES_AGGRESSIVE;
				GCC_WARN_UNUSED_FUNCTION = YES;
				GCC_WARN_UNUSED_VARIABLE = YES;
				IPHONEOS_DEPLOYMENT_TARGET = 15.2;
				MTL_ENABLE_DEBUG_INFO = INCLUDE_SOURCE;
				MTL_FAST_MATH = YES;
				ONLY_ACTIVE_ARCH = YES;
				SDKROOT = iphoneos;
				SWIFT_ACTIVE_COMPILATION_CONDITIONS = DEBUG;
				SWIFT_OPTIMIZATION_LEVEL = "-Onone";
			};
			name = Debug;
		};
		923648F9278FFD0700AED21C /* Release */ = {
			isa = XCBuildConfiguration;
			buildSettings = {
				ALWAYS_SEARCH_USER_PATHS = NO;
				CLANG_ANALYZER_NONNULL = YES;
				CLANG_ANALYZER_NUMBER_OBJECT_CONVERSION = YES_AGGRESSIVE;
				CLANG_CXX_LANGUAGE_STANDARD = "gnu++17";
				CLANG_CXX_LIBRARY = "libc++";
				CLANG_ENABLE_MODULES = YES;
				CLANG_ENABLE_OBJC_ARC = YES;
				CLANG_ENABLE_OBJC_WEAK = YES;
				CLANG_WARN_BLOCK_CAPTURE_AUTORELEASING = YES;
				CLANG_WARN_BOOL_CONVERSION = YES;
				CLANG_WARN_COMMA = YES;
				CLANG_WARN_CONSTANT_CONVERSION = YES;
				CLANG_WARN_DEPRECATED_OBJC_IMPLEMENTATIONS = YES;
				CLANG_WARN_DIRECT_OBJC_ISA_USAGE = YES_ERROR;
				CLANG_WARN_DOCUMENTATION_COMMENTS = YES;
				CLANG_WARN_EMPTY_BODY = YES;
				CLANG_WARN_ENUM_CONVERSION = YES;
				CLANG_WARN_INFINITE_RECURSION = YES;
				CLANG_WARN_INT_CONVERSION = YES;
				CLANG_WARN_NON_LITERAL_NULL_CONVERSION = YES;
				CLANG_WARN_OBJC_IMPLICIT_RETAIN_SELF = YES;
				CLANG_WARN_OBJC_LITERAL_CONVERSION = YES;
				CLANG_WARN_OBJC_ROOT_CLASS = YES_ERROR;
				CLANG_WARN_QUOTED_INCLUDE_IN_FRAMEWORK_HEADER = YES;
				CLANG_WARN_RANGE_LOOP_ANALYSIS = YES;
				CLANG_WARN_STRICT_PROTOTYPES = YES;
				CLANG_WARN_SUSPICIOUS_MOVE = YES;
				CLANG_WARN_UNGUARDED_AVAILABILITY = YES_AGGRESSIVE;
				CLANG_WARN_UNREACHABLE_CODE = YES;
				CLANG_WARN__DUPLICATE_METHOD_MATCH = YES;
				COPY_PHASE_STRIP = NO;
				DEBUG_INFORMATION_FORMAT = "dwarf-with-dsym";
				ENABLE_NS_ASSERTIONS = NO;
				ENABLE_STRICT_OBJC_MSGSEND = YES;
				GCC_C_LANGUAGE_STANDARD = gnu11;
				GCC_NO_COMMON_BLOCKS = YES;
				GCC_WARN_64_TO_32_BIT_CONVERSION = YES;
				GCC_WARN_ABOUT_RETURN_TYPE = YES_ERROR;
				GCC_WARN_UNDECLARED_SELECTOR = YES;
				GCC_WARN_UNINITIALIZED_AUTOS = YES_AGGRESSIVE;
				GCC_WARN_UNUSED_FUNCTION = YES;
				GCC_WARN_UNUSED_VARIABLE = YES;
				IPHONEOS_DEPLOYMENT_TARGET = 15.2;
				MTL_ENABLE_DEBUG_INFO = NO;
				MTL_FAST_MATH = YES;
				SDKROOT = iphoneos;
				SWIFT_COMPILATION_MODE = wholemodule;
				SWIFT_OPTIMIZATION_LEVEL = "-O";
				VALIDATE_PRODUCT = YES;
			};
			name = Release;
		};
		923648FB278FFD0700AED21C /* Debug */ = {
			isa = XCBuildConfiguration;
			baseConfigurationReference = A05B04072D0010C9A46DC331 /* Pods-lookbook.debug.xcconfig */;
			buildSettings = {
				ASSETCATALOG_COMPILER_APPICON_NAME = AppIcon;
				ASSETCATALOG_COMPILER_GLOBAL_ACCENT_COLOR_NAME = AccentColor;
				CODE_SIGN_STYLE = Automatic;
				CURRENT_PROJECT_VERSION = 1;
				DEVELOPMENT_TEAM = WGU25444T9;
				GENERATE_INFOPLIST_FILE = YES;
				INFOPLIST_FILE = lookbook/Info.plist;
				INFOPLIST_KEY_UIApplicationSupportsIndirectInputEvents = YES;
				INFOPLIST_KEY_UILaunchStoryboardName = LaunchScreen;
				INFOPLIST_KEY_UISupportedInterfaceOrientations_iPad = "UIInterfaceOrientationPortrait UIInterfaceOrientationPortraitUpsideDown UIInterfaceOrientationLandscapeLeft UIInterfaceOrientationLandscapeRight";
				INFOPLIST_KEY_UISupportedInterfaceOrientations_iPhone = "UIInterfaceOrientationPortrait UIInterfaceOrientationLandscapeLeft UIInterfaceOrientationLandscapeRight";
				IPHONEOS_DEPLOYMENT_TARGET = 12.0;
				LD_RUNPATH_SEARCH_PATHS = (
					"$(inherited)",
					"@executable_path/Frameworks",
				);
				MARKETING_VERSION = 1.0;
				PRODUCT_BUNDLE_IDENTIFIER = danielchangsoojones.lookbook;
				PRODUCT_NAME = "$(TARGET_NAME)";
				SWIFT_EMIT_LOC_STRINGS = YES;
				SWIFT_VERSION = 5.0;
				TARGETED_DEVICE_FAMILY = "1,2";
			};
			name = Debug;
		};
		923648FC278FFD0700AED21C /* Release */ = {
			isa = XCBuildConfiguration;
			baseConfigurationReference = 82F105B818555B1C722A4FB8 /* Pods-lookbook.release.xcconfig */;
			buildSettings = {
				ASSETCATALOG_COMPILER_APPICON_NAME = AppIcon;
				ASSETCATALOG_COMPILER_GLOBAL_ACCENT_COLOR_NAME = AccentColor;
				CODE_SIGN_STYLE = Automatic;
				CURRENT_PROJECT_VERSION = 1;
				DEVELOPMENT_TEAM = WGU25444T9;
				GENERATE_INFOPLIST_FILE = YES;
				INFOPLIST_FILE = lookbook/Info.plist;
				INFOPLIST_KEY_UIApplicationSupportsIndirectInputEvents = YES;
				INFOPLIST_KEY_UILaunchStoryboardName = LaunchScreen;
				INFOPLIST_KEY_UISupportedInterfaceOrientations_iPad = "UIInterfaceOrientationPortrait UIInterfaceOrientationPortraitUpsideDown UIInterfaceOrientationLandscapeLeft UIInterfaceOrientationLandscapeRight";
				INFOPLIST_KEY_UISupportedInterfaceOrientations_iPhone = "UIInterfaceOrientationPortrait UIInterfaceOrientationLandscapeLeft UIInterfaceOrientationLandscapeRight";
				IPHONEOS_DEPLOYMENT_TARGET = 12.0;
				LD_RUNPATH_SEARCH_PATHS = (
					"$(inherited)",
					"@executable_path/Frameworks",
				);
				MARKETING_VERSION = 1.0;
				PRODUCT_BUNDLE_IDENTIFIER = danielchangsoojones.lookbook;
				PRODUCT_NAME = "$(TARGET_NAME)";
				SWIFT_EMIT_LOC_STRINGS = YES;
				SWIFT_VERSION = 5.0;
				TARGETED_DEVICE_FAMILY = "1,2";
			};
			name = Release;
		};
/* End XCBuildConfiguration section */

/* Begin XCConfigurationList section */
		923648E1278FFD0300AED21C /* Build configuration list for PBXProject "lookbook" */ = {
			isa = XCConfigurationList;
			buildConfigurations = (
				923648F8278FFD0700AED21C /* Debug */,
				923648F9278FFD0700AED21C /* Release */,
			);
			defaultConfigurationIsVisible = 0;
			defaultConfigurationName = Release;
		};
		923648FA278FFD0700AED21C /* Build configuration list for PBXNativeTarget "lookbook" */ = {
			isa = XCConfigurationList;
			buildConfigurations = (
				923648FB278FFD0700AED21C /* Debug */,
				923648FC278FFD0700AED21C /* Release */,
			);
			defaultConfigurationIsVisible = 0;
			defaultConfigurationName = Release;
		};
/* End XCConfigurationList section */
	};
	rootObject = 923648DE278FFD0300AED21C /* Project object */;
}
